{
    "name": "demo",
    "version": "0.0.0",
    "lockfileVersion": 3,
    "requires": true,
    "packages": {
        "": {
            "name": "demo",
            "version": "0.0.0",
            "dependencies": {
                "@adyen/adyen-platform-experience-web": "^1.2.0"
            },
            "devDependencies": {
                "vite": "^4.3.2"
            }
        },
        "node_modules/@adyen/adyen-platform-experience-web": {
            "version": "1.2.0",
            "resolved": "https://nexushost.is.adyen.com/repository/npm-internal/@adyen/adyen-platform-experience-web/-/adyen-platform-experience-web-1.2.0.tgz",
            "integrity": "sha512-vZcFNK9lBx/ovsEomw6NP8NIlks+YvYUg778vEYGFssY7o215uD2pV4f6yfgkE90mKIQXH/1BSkbU324SCFXEw==",
            "license": "MIT",
            "dependencies": {
                "classnames": "^2.5.1",
                "core-js": "^3.36.0"
            },
            "peerDependencies": {
                "preact": "^10.13.2"
            }
        },
        "node_modules/@esbuild/android-arm": {
            "version": "0.18.20",
            "resolved": "https://nexushost.is.adyen.com/repository/npm-internal/@esbuild/android-arm/-/android-arm-0.18.20.tgz",
            "integrity": "sha512-OmPaE2XHfh0RWjLWSReXqcOZC76WzTeRH9ugUJO4Wcg5r6B8kLVAxqt5Cc3/CA28mkVVVUr/nJ4cRGT414fJ3A==",
            "cpu": [
                "arm"
            ],
            "dev": true,
            "license": "MIT",
            "optional": true,
            "os": [
                "android"
            ],
            "engines": {
                "node": ">=12"
            }
        },
        "node_modules/@esbuild/android-arm64": {
            "version": "0.18.20",
            "resolved": "https://nexushost.is.adyen.com/repository/npm-internal/@esbuild/android-arm64/-/android-arm64-0.18.20.tgz",
            "integrity": "sha512-/LMtwMwWQyILTmQNvgWHuCWepC0IWSzMKC97QjpQLUDgcL8Ts9IYza/kkBAtMJxAG5Q9ga19RpfcTaaiYRtUHw==",
            "cpu": [
                "arm64"
            ],
            "dev": true,
            "license": "MIT",
            "optional": true,
            "os": [
                "android"
            ],
            "engines": {
                "node": ">=12"
            }
        },
        "node_modules/@esbuild/android-x64": {
            "version": "0.18.20",
            "resolved": "https://nexushost.is.adyen.com/repository/npm-internal/@esbuild/android-x64/-/android-x64-0.18.20.tgz",
            "integrity": "sha512-ZL+kXJPAY5sAQD31iY7U05u34zuZ9IU+Fc8g81y+aWUAbJuzUnYBlzyIr57ACS82ox4NipVVp1HN/z40xVMzgA==",
            "cpu": [
                "x64"
            ],
            "dev": true,
            "license": "MIT",
            "optional": true,
            "os": [
                "android"
            ],
            "engines": {
                "node": ">=12"
            }
        },
        "node_modules/@esbuild/darwin-arm64": {
            "version": "0.18.20",
            "resolved": "https://nexushost.is.adyen.com/repository/npm-internal/@esbuild/darwin-arm64/-/darwin-arm64-0.18.20.tgz",
            "integrity": "sha512-+2p1+jCHyaxgbKz0ArTXS/y23r5JsoUTsrM4cSjCiE83rv48kqrxRO1WMs57mRn5lMXo/bMIS5/nOiUD4ajb3w==",
            "cpu": [
                "arm64"
            ],
            "dev": true,
            "license": "MIT",
            "optional": true,
            "os": [
                "darwin"
            ],
            "engines": {
                "node": ">=12"
            }
        },
        "node_modules/@esbuild/darwin-x64": {
            "version": "0.18.20",
            "resolved": "https://nexushost.is.adyen.com/repository/npm-internal/@esbuild/darwin-x64/-/darwin-x64-0.18.20.tgz",
            "integrity": "sha512-hFN4wLFc3vaMGkud1gaywF9twuI5DLkagmsS/Gu8mySzo2xBLO7aO8jOJ7XWFc4AdBD9lG6oBX1cpsyg35a/Sw==",
            "cpu": [
                "x64"
            ],
            "dev": true,
            "license": "MIT",
            "optional": true,
            "os": [
                "darwin"
            ],
            "engines": {
                "node": ">=12"
            }
        },
        "node_modules/@esbuild/freebsd-arm64": {
            "version": "0.18.20",
            "resolved": "https://nexushost.is.adyen.com/repository/npm-internal/@esbuild/freebsd-arm64/-/freebsd-arm64-0.18.20.tgz",
            "integrity": "sha512-nljAE6GCky7gc9OZcS5CA2PUCYRkbuW4Qz13aUyIhozf86NZ0AbxnCJcqyvi3WUJbHoyuQFyo30jT6KH1usaHQ==",
            "cpu": [
                "arm64"
            ],
            "dev": true,
            "license": "MIT",
            "optional": true,
            "os": [
                "freebsd"
            ],
            "engines": {
                "node": ">=12"
            }
        },
        "node_modules/@esbuild/freebsd-x64": {
            "version": "0.18.20",
            "resolved": "https://nexushost.is.adyen.com/repository/npm-internal/@esbuild/freebsd-x64/-/freebsd-x64-0.18.20.tgz",
            "integrity": "sha512-k3vpsO6aFyIwawy8/tUkMiUz/nQj5oZAC0UuyoqecHq3mi4oy3gZMI+g6fr8hm3qtAo7p+LDQsLPfhy+qOLeIw==",
            "cpu": [
                "x64"
            ],
            "dev": true,
            "license": "MIT",
            "optional": true,
            "os": [
                "freebsd"
            ],
            "engines": {
                "node": ">=12"
            }
        },
        "node_modules/@esbuild/linux-arm": {
            "version": "0.18.20",
            "resolved": "https://nexushost.is.adyen.com/repository/npm-internal/@esbuild/linux-arm/-/linux-arm-0.18.20.tgz",
            "integrity": "sha512-/MQpF9paq1Nqv1K5H6E9DmVsliID1pjPl4NA/KoowNBgzuLi94jeYTikFZ+7hjnNKAlTfiOIVyj2w0mARYG62Q==",
            "cpu": [
                "arm"
            ],
            "dev": true,
            "license": "MIT",
            "optional": true,
            "os": [
                "linux"
            ],
            "engines": {
                "node": ">=12"
            }
        },
        "node_modules/@esbuild/linux-arm64": {
            "version": "0.18.20",
            "resolved": "https://nexushost.is.adyen.com/repository/npm-internal/@esbuild/linux-arm64/-/linux-arm64-0.18.20.tgz",
            "integrity": "sha512-r9FyA/f4U9h6qP6rqO21dnG1Sis4brG0mXZXKCMwFkOW9kkfj66fCeKP8o2cOnPC6yIODdqWHkvCtXC0X6KAQg==",
            "cpu": [
                "arm64"
            ],
            "dev": true,
            "license": "MIT",
            "optional": true,
            "os": [
                "linux"
            ],
            "engines": {
                "node": ">=12"
            }
        },
        "node_modules/@esbuild/linux-ia32": {
            "version": "0.18.20",
            "resolved": "https://nexushost.is.adyen.com/repository/npm-internal/@esbuild/linux-ia32/-/linux-ia32-0.18.20.tgz",
            "integrity": "sha512-PYUa+Luu0YE4mr352Ab4vs5z/XU4ypQt5ZgJvo6R83R4brLfsnWGVnrkdHeElIx9v9/9fShI+F7lwEDCS5zixw==",
            "cpu": [
                "ia32"
            ],
            "dev": true,
            "license": "MIT",
            "optional": true,
            "os": [
                "linux"
            ],
            "engines": {
                "node": ">=12"
            }
        },
        "node_modules/@esbuild/linux-loong64": {
            "version": "0.18.20",
            "resolved": "https://nexushost.is.adyen.com/repository/npm-internal/@esbuild/linux-loong64/-/linux-loong64-0.18.20.tgz",
            "integrity": "sha512-UPWrKjZNv33qdvcmBFdG08M2MqYKnzqqeczigs0NTeFbzdil5XHc+cLI58Mw717GRsRw2bL1O4y3X4MmLkRq0w==",
            "cpu": [
                "loong64"
            ],
            "dev": true,
            "license": "MIT",
            "optional": true,
            "os": [
                "linux"
            ],
            "engines": {
                "node": ">=12"
            }
        },
        "node_modules/@esbuild/linux-mips64el": {
            "version": "0.18.20",
            "resolved": "https://nexushost.is.adyen.com/repository/npm-internal/@esbuild/linux-mips64el/-/linux-mips64el-0.18.20.tgz",
            "integrity": "sha512-NCVcpqReNcIq6Nuyg4YCs9TzBMCInr944a9y+av+caBuQUJ53kNA/y4LId++2BW/LIsaiZq6aOJrz7tt58WySA==",
            "cpu": [
                "mips64el"
            ],
            "dev": true,
            "license": "MIT",
            "optional": true,
            "os": [
                "linux"
            ],
            "engines": {
                "node": ">=12"
            }
        },
        "node_modules/@esbuild/linux-ppc64": {
            "version": "0.18.20",
            "resolved": "https://nexushost.is.adyen.com/repository/npm-internal/@esbuild/linux-ppc64/-/linux-ppc64-0.18.20.tgz",
            "integrity": "sha512-bj+aKVUpj3nfnyI/1hLq6OauisrJccP4OrTBfDdIdA6qeURoOnh/MqAzEldM9rD4Z8k7YgQEymKql2wmZ014dA==",
            "cpu": [
                "ppc64"
            ],
            "dev": true,
            "license": "MIT",
            "optional": true,
            "os": [
                "linux"
            ],
            "engines": {
                "node": ">=12"
            }
        },
        "node_modules/@esbuild/linux-riscv64": {
            "version": "0.18.20",
            "resolved": "https://nexushost.is.adyen.com/repository/npm-internal/@esbuild/linux-riscv64/-/linux-riscv64-0.18.20.tgz",
            "integrity": "sha512-wkICtqF7C10Hf6Tm7dBnneKQc0GpI8JXGW4pxBOTFCk4AQ9ac5j/92VdJZNYjm95puXIQ5u689Wsf2WvU8ZcbQ==",
            "cpu": [
                "riscv64"
            ],
            "dev": true,
            "license": "MIT",
            "optional": true,
            "os": [
                "linux"
            ],
            "engines": {
                "node": ">=12"
            }
        },
        "node_modules/@esbuild/linux-s390x": {
            "version": "0.18.20",
            "resolved": "https://nexushost.is.adyen.com/repository/npm-internal/@esbuild/linux-s390x/-/linux-s390x-0.18.20.tgz",
            "integrity": "sha512-1C2fx+TlV+i8KnCbtjfk4oVxPdyV9PDyV2iuGpCO2Wtjzwbc3rThfyfz5FGHb5vSD9+bhi5AN9eu6aOiWR5Pew==",
            "cpu": [
                "s390x"
            ],
            "dev": true,
            "license": "MIT",
            "optional": true,
            "os": [
                "linux"
            ],
            "engines": {
                "node": ">=12"
            }
        },
        "node_modules/@esbuild/linux-x64": {
            "version": "0.18.20",
            "resolved": "https://nexushost.is.adyen.com/repository/npm-internal/@esbuild/linux-x64/-/linux-x64-0.18.20.tgz",
            "integrity": "sha512-3wfX5ID+tSb7rKuyhmJiWaSsB+vaCTxxUiwuxoEDwN74QQa15tomySYV8yu+2VvSBlgTcHcrVdhgqwCynxgP6w==",
            "cpu": [
                "x64"
            ],
            "dev": true,
            "license": "MIT",
            "optional": true,
            "os": [
                "linux"
            ],
            "engines": {
                "node": ">=12"
            }
        },
        "node_modules/@esbuild/netbsd-x64": {
            "version": "0.18.20",
            "resolved": "https://nexushost.is.adyen.com/repository/npm-internal/@esbuild/netbsd-x64/-/netbsd-x64-0.18.20.tgz",
            "integrity": "sha512-YIZxdfSkfqTlHIildcNk4aIPuWGG/ytme/Zwyv51kRIluZfrzXllebZq6JLDnX5Opwtk4/ugIC3ddwcEk54Stg==",
            "cpu": [
                "x64"
            ],
            "dev": true,
            "license": "MIT",
            "optional": true,
            "os": [
                "netbsd"
            ],
            "engines": {
                "node": ">=12"
            }
        },
        "node_modules/@esbuild/openbsd-x64": {
            "version": "0.18.20",
            "resolved": "https://nexushost.is.adyen.com/repository/npm-internal/@esbuild/openbsd-x64/-/openbsd-x64-0.18.20.tgz",
            "integrity": "sha512-BSR3DcyIfwOzfW/Pcjb0L/OOngc4WcSTrm4m7OzWZSCvhfoXlmQ2tibd3pUODuUgaHhpbGnRgeWPucRTtTuWOg==",
            "cpu": [
                "x64"
            ],
            "dev": true,
            "license": "MIT",
            "optional": true,
            "os": [
                "openbsd"
            ],
            "engines": {
                "node": ">=12"
            }
        },
        "node_modules/@esbuild/sunos-x64": {
            "version": "0.18.20",
            "resolved": "https://nexushost.is.adyen.com/repository/npm-internal/@esbuild/sunos-x64/-/sunos-x64-0.18.20.tgz",
            "integrity": "sha512-iVdVJXTM9pOAGz0PJ8eMQe0UwF9xRcefkPJch3eYiBJMekhuUQyMj5USK90+cD7VAJIHoocu/r/AKD1dL5y/Yw==",
            "cpu": [
                "x64"
            ],
            "dev": true,
            "license": "MIT",
            "optional": true,
            "os": [
                "sunos"
            ],
            "engines": {
                "node": ">=12"
            }
        },
        "node_modules/@esbuild/win32-arm64": {
            "version": "0.18.20",
            "resolved": "https://nexushost.is.adyen.com/repository/npm-internal/@esbuild/win32-arm64/-/win32-arm64-0.18.20.tgz",
            "integrity": "sha512-nXxwTacNWKb6V+0guPmQiM3FHo6PEbzGvIvna1z17ATsWefdQnieex7Fd71aT5KnvxyiRFBuxGU2QQAlXoITpg==",
            "cpu": [
                "arm64"
            ],
            "dev": true,
            "license": "MIT",
            "optional": true,
            "os": [
                "win32"
            ],
            "engines": {
                "node": ">=12"
            }
        },
        "node_modules/@esbuild/win32-ia32": {
            "version": "0.18.20",
            "resolved": "https://nexushost.is.adyen.com/repository/npm-internal/@esbuild/win32-ia32/-/win32-ia32-0.18.20.tgz",
            "integrity": "sha512-oi9P+HfBYvcu6cWIc9yn7ynwJdm3iE17xopISkztputJ+CApeSI7gObH95Tdj4uK8RAL00dZhKsAGu0W2OAQ2w==",
            "cpu": [
                "ia32"
            ],
            "dev": true,
            "license": "MIT",
            "optional": true,
            "os": [
                "win32"
            ],
            "engines": {
                "node": ">=12"
            }
        },
        "node_modules/@esbuild/win32-x64": {
            "version": "0.18.20",
            "resolved": "https://nexushost.is.adyen.com/repository/npm-internal/@esbuild/win32-x64/-/win32-x64-0.18.20.tgz",
            "integrity": "sha512-d1TRcM9MkqUKH2RnWyLEwgcpkgZl/l9/mPimpFHe80Iytc4OnJen9xax75M2x9me7lgp8IR6UjtMl+GX424ymA==",
            "cpu": [
                "x64"
            ],
            "dev": true,
            "license": "MIT",
            "optional": true,
            "os": [
                "win32"
            ],
            "engines": {
                "node": ">=12"
            }
        },
        "node_modules/classnames": {
            "version": "2.5.1",
            "resolved": "https://nexushost.is.adyen.com/repository/npm-internal/classnames/-/classnames-2.5.1.tgz",
            "integrity": "sha512-Ty8b25xhEM9B2frTDwhg0YMNRxWyVVD1D/BMiVe/2zRPBBOdnZnoi5++89AF3hsRXk7rhnDt0on9XFO8DHGJMw==",
            "license": "MIT"
        },
        "node_modules/core-js": {
            "version": "3.38.1",
            "resolved": "https://nexushost.is.adyen.com/repository/npm-internal/core-js/-/core-js-3.38.1.tgz",
            "integrity": "sha512-yjZHh5fgbhYZZ6yNwaxneOcrAKx4aWKPanzSqPHTrLdMfkLGH2e9gYLgYLjeuaN3GEsGovc/zeBDnhpVkLTE2Q==",
            "license": "MIT",
            "funding": {
                "type": "opencollective",
                "url": "https://opencollective.com/core-js"
            }
        },
        "node_modules/esbuild": {
            "version": "0.18.20",
            "resolved": "https://nexushost.is.adyen.com/repository/npm-internal/esbuild/-/esbuild-0.18.20.tgz",
            "integrity": "sha512-1XErY+IDBeXICfmBI/3yEGbDp6w9Plse7SZmb2vZWlt2Qw1M8bsyc+L7N+M15FIL8MYAJpcZfqg2j+GVzfZgiQ==",
            "dev": true,
            "hasInstallScript": true,
            "license": "MIT",
            "bin": {
                "esbuild": "bin/esbuild"
            },
            "engines": {
                "node": ">=12"
            },
            "optionalDependencies": {
                "@esbuild/android-arm": "0.18.20",
                "@esbuild/android-arm64": "0.18.20",
                "@esbuild/android-x64": "0.18.20",
                "@esbuild/darwin-arm64": "0.18.20",
                "@esbuild/darwin-x64": "0.18.20",
                "@esbuild/freebsd-arm64": "0.18.20",
                "@esbuild/freebsd-x64": "0.18.20",
                "@esbuild/linux-arm": "0.18.20",
                "@esbuild/linux-arm64": "0.18.20",
                "@esbuild/linux-ia32": "0.18.20",
                "@esbuild/linux-loong64": "0.18.20",
                "@esbuild/linux-mips64el": "0.18.20",
                "@esbuild/linux-ppc64": "0.18.20",
                "@esbuild/linux-riscv64": "0.18.20",
                "@esbuild/linux-s390x": "0.18.20",
                "@esbuild/linux-x64": "0.18.20",
                "@esbuild/netbsd-x64": "0.18.20",
                "@esbuild/openbsd-x64": "0.18.20",
                "@esbuild/sunos-x64": "0.18.20",
                "@esbuild/win32-arm64": "0.18.20",
                "@esbuild/win32-ia32": "0.18.20",
                "@esbuild/win32-x64": "0.18.20"
            }
        },
        "node_modules/fsevents": {
            "version": "2.3.3",
            "resolved": "https://nexushost.is.adyen.com/repository/npm-internal/fsevents/-/fsevents-2.3.3.tgz",
            "integrity": "sha512-dMuujO7o6KqmDN5nIWHvpfMNVc6ib3oTeK2YPoBODK3qnMxoproQX92UV23q/tw0ZAz59egTuCIS1bjsq3QHuA==",
            "dev": true,
            "license": "MIT",
            "optional": true,
            "os": [
                "darwin"
            ],
            "engines": {
                "node": "^8.16.0 || ^10.6.0 || >=11.0.0"
            }
        },
        "node_modules/nanoid": {
            "version": "3.3.8",
            "resolved": "https://nexushost.is.adyen.com/repository/npm-internal/nanoid/-/nanoid-3.3.8.tgz",
            "integrity": "sha512-wtwQmGwjm0WL6zZL09/FiFp6PKMfaOSV3tB2SH6BidAt0bXEf4d+0iknC+s7ucqEaEST9QSESx4G99F443dC5Q==",
            "dev": true,
            "funding": [
                {
                    "type": "github",
                    "url": "https://github.com/sponsors/ai"
                }
            ],
            "license": "MIT",
            "bin": {
                "nanoid": "bin/nanoid.cjs"
            },
            "engines": {
                "node": "^10 || ^12 || ^13.7 || ^14 || >=15.0.1"
            }
        },
        "node_modules/picocolors": {
            "version": "1.1.1",
            "resolved": "https://nexushost.is.adyen.com/repository/npm-internal/picocolors/-/picocolors-1.1.1.tgz",
            "integrity": "sha512-OjUf9MxFV1Pwlq8DdzyCzGYrY2noiZM/EMUffBbH75K6XSoOCmoLMwUbTG132Q4AN9IiGab5EtStDu9eBEayjQ==",
            "dev": true,
            "license": "ISC"
        },
        "node_modules/postcss": {
            "version": "8.4.49",
            "resolved": "https://nexushost.is.adyen.com/repository/npm-internal/postcss/-/postcss-8.4.49.tgz",
            "integrity": "sha512-iqlUJ58W+DhxLe8ajLz7fuXhI8mRjChQQZj/qkYb7pNoleptVAlWyD943wF6nvPjNwbrnEzCRa1lXDE7uYFbbw==",
            "dev": true,
            "funding": [
                {
                    "type": "opencollective",
                    "url": "https://opencollective.com/postcss/"
                },
                {
                    "type": "tidelift",
                    "url": "https://tidelift.com/funding/github/npm/postcss"
                },
                {
                    "type": "github",
                    "url": "https://github.com/sponsors/ai"
                }
            ],
            "license": "MIT",
            "dependencies": {
                "nanoid": "^3.3.7",
                "picocolors": "^1.1.1",
                "source-map-js": "^1.2.1"
            },
            "engines": {
                "node": "^10 || ^12 || >=14"
            }
        },
        "node_modules/preact": {
            "version": "10.25.4",
            "resolved": "https://nexushost.is.adyen.com/repository/npm-internal/preact/-/preact-10.25.4.tgz",
            "integrity": "sha512-KVAK6FRms3K0pUipNxBle/Keadlu8RcGE73RBJ78jePK/dhZ0awxfMwhnj0wlNDTng+ar/BeQMnhzJ+mixCw/g==",
            "license": "MIT",
            "peer": true,
            "funding": {
                "type": "opencollective",
                "url": "https://opencollective.com/preact"
            }
        },
        "node_modules/rollup": {
            "version": "3.29.5",
            "resolved": "https://nexushost.is.adyen.com/repository/npm-internal/rollup/-/rollup-3.29.5.tgz",
            "integrity": "sha512-wns5F61FaDjs2XB04swcT+KKhraDPPlCxP9IkzgC+gE9wq7zASrSfFVTvAzhW0Ss4uNGQIC0ZKnivKQXRHc++g==",
            "dev": true,
            "license": "MIT",
            "bin": {
                "rollup": "dist/bin/rollup"
            },
            "engines": {
                "node": ">=14.18.0",
                "npm": ">=8.0.0"
            },
            "optionalDependencies": {
                "fsevents": "~2.3.2"
            }
        },
        "node_modules/source-map-js": {
            "version": "1.2.1",
            "resolved": "https://nexushost.is.adyen.com/repository/npm-internal/source-map-js/-/source-map-js-1.2.1.tgz",
            "integrity": "sha512-6HTR3/3NM4N87BxLOSicEW+wXrjJOTBuf7Rp4LQw1ydQ2P8ETS7u8SDFYuAI/fmkLNQC/uVyTAo1Oq+nZr04Qw==",
            "dev": true,
            "license": "BSD-3-Clause",
            "engines": {
                "node": ">=0.10.0"
            }
        },
        "node_modules/vite": {
            "version": "4.5.5",
            "resolved": "https://nexushost.is.adyen.com/repository/npm-internal/vite/-/vite-4.5.5.tgz",
            "integrity": "sha512-rLUiB9gKse9olCISB7A/k5L1ou0NjT/cfKlHSvaS9slbOssi+qvEIALi2DqoOMabrFpPYc2sAbcm5SZuUItSqQ==",
            "dev": true,
            "license": "MIT",
            "dependencies": {
                "esbuild": "^0.18.10",
                "postcss": "^8.4.27",
                "rollup": "^3.27.1"
            },
            "bin": {
                "vite": "bin/vite.js"
            },
            "engines": {
                "node": "^14.18.0 || >=16.0.0"
            },
            "funding": {
                "url": "https://github.com/vitejs/vite?sponsor=1"
            },
            "optionalDependencies": {
                "fsevents": "~2.3.2"
            },
            "peerDependencies": {
                "@types/node": ">= 14",
                "less": "*",
                "lightningcss": "^1.21.0",
                "sass": "*",
                "stylus": "*",
                "sugarss": "*",
                "terser": "^5.4.0"
            },
            "peerDependenciesMeta": {
                "@types/node": {
                    "optional": true
                },
                "less": {
                    "optional": true
                },
                "lightningcss": {
                    "optional": true
                },
                "sass": {
                    "optional": true
                },
                "stylus": {
                    "optional": true
                },
                "sugarss": {
                    "optional": true
                },
                "terser": {
                    "optional": true
                }
            }
        }
    }
}
