{
    "name": "demo",
    "version": "0.0.0",
    "lockfileVersion": 3,
    "requires": true,
    "packages": {
        "": {
            "name": "demo",
            "version": "0.0.0",
            "dependencies": {
                "@adyen/adyen-platform-experience-web": "^1.2.0",
                "normalize.css": "^8.0.1"
            },
            "devDependencies": {
                "vite": "^6.0.1"
            }
        },
        "node_modules/@adyen/adyen-platform-experience-web": {
            "version": "1.2.0",
            "resolved": "https://nexushost.is.adyen.com/repository/npm-internal/@adyen/adyen-platform-experience-web/-/adyen-platform-experience-web-1.2.0.tgz",
            "integrity": "sha512-vZcFNK9lBx/ovsEomw6NP8NIlks+YvYUg778vEYGFssY7o215uD2pV4f6yfgkE90mKIQXH/1BSkbU324SCFXEw==",
            "license": "MIT",
            "dependencies": {
                "classnames": "^2.5.1",
                "core-js": "^3.36.0"
            },
            "peerDependencies": {
                "preact": "^10.13.2"
            }
        },
        "node_modules/@esbuild/darwin-arm64": {
            "version": "0.24.0",
            "resolved": "https://nexushost.is.adyen.com/repository/npm-internal/@esbuild/darwin-arm64/-/darwin-arm64-0.24.0.tgz",
            "integrity": "sha512-thg+PBtY2eRIAkfZLy8iD6xsjy50eaI4QMaIWtGj2KOPj0idC8o5l3z0bE6nfrp41BAAWn64szGF0UuUIhr+iA==",
            "cpu": [
                "arm64"
            ],
            "dev": true,
            "license": "MIT",
            "optional": true,
            "os": [
                "darwin"
            ],
            "engines": {
                "node": ">=18"
            }
        },
        "node_modules/@esbuild/darwin-x64": {
            "version": "0.24.0",
            "resolved": "https://nexushost.is.adyen.com/repository/npm-internal/@esbuild/darwin-x64/-/darwin-x64-0.24.0.tgz",
            "integrity": "sha512-EEs1hnGstbulqbzM3+Mg6NPMKVY9xnXjXQ9294GoL25X36Ngdxn9BaPxgwHmQg7XSFJcC0+TlO5DEc8f/R9EnA==",
            "cpu": [
                "x64"
            ],
            "dev": true,
            "license": "MIT",
            "optional": true,
            "os": [
                "darwin"
            ],
            "engines": {
                "node": ">=18"
            }
        },
        "node_modules/@esbuild/linux-arm64": {
            "version": "0.24.0",
            "resolved": "https://nexushost.is.adyen.com/repository/npm-internal/@esbuild/linux-arm64/-/linux-arm64-0.24.0.tgz",
            "integrity": "sha512-o4iIeh2h5GxHcAzKrs9N9FkiSoeb4xlsYb0NzTJZLl/cfmzVK1bHpIUUrGkwNLz6p0YxxvavRZqyyMSlYw8QXg==",
            "cpu": [
                "arm64"
            ],
            "dev": true,
            "license": "MIT",
            "optional": true,
            "os": [
                "linux"
            ],
            "engines": {
                "node": ">=18"
            }
        },
        "node_modules/@esbuild/linux-x64": {
            "version": "0.24.0",
            "resolved": "https://nexushost.is.adyen.com/repository/npm-internal/@esbuild/linux-x64/-/linux-x64-0.24.0.tgz",
            "integrity": "sha512-ss+5sohVi7cwkp9zZWMeO0UxlCjP7lBYqiFCPp12GnvTlxB3L7cMfPou/qsyKcefnyDkXR4I068yRzew3CID7A==",
            "cpu": [
                "x64"
            ],
            "dev": true,
            "license": "MIT",
            "optional": true,
            "os": [
                "linux"
            ],
            "engines": {
                "node": ">=18"
            }
        },
        "node_modules/@rollup/rollup-darwin-arm64": {
            "version": "4.28.1",
            "resolved": "https://nexushost.is.adyen.com/repository/npm-internal/@rollup/rollup-darwin-arm64/-/rollup-darwin-arm64-4.28.1.tgz",
            "integrity": "sha512-Ho7qNZ+JHwaB2yhE9ORgETNvW8vCN0Pu1zNFkmsNFGs3Ju90loZLYqXtA5T8h1+oWR0t294GeMome/iOcxplWw==",
            "cpu": [
                "arm64"
            ],
            "dev": true,
            "license": "MIT",
            "optional": true,
            "os": [
                "darwin"
            ]
        },
        "node_modules/@rollup/rollup-darwin-x64": {
            "version": "4.28.1",
            "resolved": "https://nexushost.is.adyen.com/repository/npm-internal/@rollup/rollup-darwin-x64/-/rollup-darwin-x64-4.28.1.tgz",
            "integrity": "sha512-Zfs7y0Mvj7lhOKgutmgTOPhIlyzcs1/pdr+hoCa2sNUXH8VLHTU+/+b0yOljb2RodkXMROqPSnVyOB9fkhUz3g==",
            "cpu": [
                "x64"
            ],
            "dev": true,
            "license": "MIT",
            "optional": true,
            "os": [
                "darwin"
            ]
        },
        "node_modules/@rollup/rollup-linux-arm64-gnu": {
            "version": "4.28.1",
            "resolved": "https://nexushost.is.adyen.com/repository/npm-internal/@rollup/rollup-linux-arm64-gnu/-/rollup-linux-arm64-gnu-4.28.1.tgz",
            "integrity": "sha512-ErHsSKq+ORn2ncNRMo/4b87URZ7Xm8dte9FQyboAc2IceMx9qwpqY+A3X8SRvW1f+l999FNFS5zNbC/0hy3HHg==",
            "cpu": [
                "arm64"
            ],
            "dev": true,
            "license": "MIT",
            "optional": true,
            "os": [
                "linux"
            ]
        },
        "node_modules/@rollup/rollup-linux-x64-gnu": {
            "version": "4.28.1",
            "resolved": "https://nexushost.is.adyen.com/repository/npm-internal/@rollup/rollup-linux-x64-gnu/-/rollup-linux-x64-gnu-4.28.1.tgz",
            "integrity": "sha512-+CF2LM+RuFtMEYyEIjxN0LdMAAdOsSaEHAP0BgFD5YbX0Yzl7PX1x6tgofLwuHfV/F64fGspSWb6eCtoLKzmEA==",
            "cpu": [
                "x64"
            ],
            "dev": true,
            "license": "MIT",
            "optional": true,
            "os": [
                "linux"
            ]
        },
        "node_modules/@types/estree": {
            "version": "1.0.6",
            "resolved": "https://nexushost.is.adyen.com/repository/npm-internal/@types/estree/-/estree-1.0.6.tgz",
            "integrity": "sha512-uHkV8/OF8DcgBBKArbiFP9EH0N5PFKkm6r+OE+l8tPd9KnhfmkuqjU2cre07EHQmT2vBW3v9IjvhACycpDRq7A==",
            "dev": true,
            "license": "MIT"
        },
        "node_modules/classnames": {
            "version": "2.5.1",
            "resolved": "https://nexushost.is.adyen.com/repository/npm-internal/classnames/-/classnames-2.5.1.tgz",
            "integrity": "sha512-Ty8b25xhEM9B2frTDwhg0YMNRxWyVVD1D/BMiVe/2zRPBBOdnZnoi5++89AF3hsRXk7rhnDt0on9XFO8DHGJMw==",
            "license": "MIT"
        },
        "node_modules/core-js": {
            "version": "3.38.1",
            "resolved": "https://nexushost.is.adyen.com/repository/npm-internal/core-js/-/core-js-3.38.1.tgz",
            "integrity": "sha512-yjZHh5fgbhYZZ6yNwaxneOcrAKx4aWKPanzSqPHTrLdMfkLGH2e9gYLgYLjeuaN3GEsGovc/zeBDnhpVkLTE2Q==",
            "license": "MIT",
            "funding": {
                "type": "opencollective",
                "url": "https://opencollective.com/core-js"
            }
        },
        "node_modules/esbuild": {
            "version": "0.24.0",
            "resolved": "https://nexushost.is.adyen.com/repository/npm-internal/esbuild/-/esbuild-0.24.0.tgz",
            "integrity": "sha512-d+EohM5plzQ7xBRTgxUy5HHRpAPURivqfDqnYJX2LpHLsNzsn5yNHCj5v+GMRZY+rX+hqxqTmfujMUO5LsZSgg==",
            "dev": true,
            "hasInstallScript": true,
            "license": "MIT",
            "bin": {
                "esbuild": "bin/esbuild"
            },
            "engines": {
                "node": ">=18"
            },
            "optionalDependencies": {
                "@esbuild/aix-ppc64": "0.24.0",
                "@esbuild/android-arm": "0.24.0",
                "@esbuild/android-arm64": "0.24.0",
                "@esbuild/android-x64": "0.24.0",
                "@esbuild/darwin-arm64": "0.24.0",
                "@esbuild/darwin-x64": "0.24.0",
                "@esbuild/freebsd-arm64": "0.24.0",
                "@esbuild/freebsd-x64": "0.24.0",
                "@esbuild/linux-arm": "0.24.0",
                "@esbuild/linux-arm64": "0.24.0",
                "@esbuild/linux-ia32": "0.24.0",
                "@esbuild/linux-loong64": "0.24.0",
                "@esbuild/linux-mips64el": "0.24.0",
                "@esbuild/linux-ppc64": "0.24.0",
                "@esbuild/linux-riscv64": "0.24.0",
                "@esbuild/linux-s390x": "0.24.0",
                "@esbuild/linux-x64": "0.24.0",
                "@esbuild/netbsd-x64": "0.24.0",
                "@esbuild/openbsd-arm64": "0.24.0",
                "@esbuild/openbsd-x64": "0.24.0",
                "@esbuild/sunos-x64": "0.24.0",
                "@esbuild/win32-arm64": "0.24.0",
                "@esbuild/win32-ia32": "0.24.0",
                "@esbuild/win32-x64": "0.24.0"
            }
        },
        "node_modules/fsevents": {
            "version": "2.3.3",
            "resolved": "https://nexushost.is.adyen.com/repository/npm-internal/fsevents/-/fsevents-2.3.3.tgz",
            "integrity": "sha512-dMuujO7o6KqmDN5nIWHvpfMNVc6ib3oTeK2YPoBODK3qnMxoproQX92UV23q/tw0ZAz59egTuCIS1bjsq3QHuA==",
            "dev": true,
            "license": "MIT",
            "optional": true,
            "os": [
                "darwin"
            ],
            "engines": {
                "node": "^8.16.0 || ^10.6.0 || >=11.0.0"
            }
        },
        "node_modules/nanoid": {
            "version": "3.3.8",
            "resolved": "https://nexushost.is.adyen.com/repository/npm-internal/nanoid/-/nanoid-3.3.8.tgz",
            "integrity": "sha512-wtwQmGwjm0WL6zZL09/FiFp6PKMfaOSV3tB2SH6BidAt0bXEf4d+0iknC+s7ucqEaEST9QSESx4G99F443dC5Q==",
            "dev": true,
            "funding": [
                {
                    "type": "github",
                    "url": "https://github.com/sponsors/ai"
                }
            ],
            "license": "MIT",
            "bin": {
                "nanoid": "bin/nanoid.cjs"
            },
            "engines": {
                "node": "^10 || ^12 || ^13.7 || ^14 || >=15.0.1"
            }
        },
        "node_modules/normalize.css": {
            "version": "8.0.1",
            "resolved": "https://nexushost.is.adyen.com/repository/npm-internal/normalize.css/-/normalize.css-8.0.1.tgz",
            "integrity": "sha512-mF/X/Nz7bZ1CMib4BYUwRAzRhNSVUbIE+wTl52yrA5TrOB5GRKaroc6M4sKC+HkmEc7YiXPnfz3YodTNLRInKw==",
            "license": "MIT"
        },
        "node_modules/picocolors": {
            "version": "1.1.1",
            "resolved": "https://nexushost.is.adyen.com/repository/npm-internal/picocolors/-/picocolors-1.1.1.tgz",
            "integrity": "sha512-OjUf9MxFV1Pwlq8DdzyCzGYrY2noiZM/EMUffBbH75K6XSoOCmoLMwUbTG132Q4AN9IiGab5EtStDu9eBEayjQ==",
            "dev": true,
            "license": "ISC"
        },
        "node_modules/postcss": {
            "version": "8.4.49",
            "resolved": "https://nexushost.is.adyen.com/repository/npm-internal/postcss/-/postcss-8.4.49.tgz",
            "integrity": "sha512-iqlUJ58W+DhxLe8ajLz7fuXhI8mRjChQQZj/qkYb7pNoleptVAlWyD943wF6nvPjNwbrnEzCRa1lXDE7uYFbbw==",
            "dev": true,
            "funding": [
                {
                    "type": "opencollective",
                    "url": "https://opencollective.com/postcss/"
                },
                {
                    "type": "tidelift",
                    "url": "https://tidelift.com/funding/github/npm/postcss"
                },
                {
                    "type": "github",
                    "url": "https://github.com/sponsors/ai"
                }
            ],
            "license": "MIT",
            "dependencies": {
                "nanoid": "^3.3.7",
                "picocolors": "^1.1.1",
                "source-map-js": "^1.2.1"
            },
            "engines": {
                "node": "^10 || ^12 || >=14"
            }
        },
        "node_modules/preact": {
            "version": "10.25.3",
            "resolved": "https://nexushost.is.adyen.com/repository/npm-internal/preact/-/preact-10.25.3.tgz",
            "integrity": "sha512-yDxtDZdLkpqFVS5DPQdhDu/ejJ2ttB5aUCp3KtE7xUvfymt9xItbmTM4Fxl4+Rg2mGzl5F3u/A1SX0tkqZwg7A==",
            "license": "MIT",
            "peer": true,
            "funding": {
                "type": "opencollective",
                "url": "https://opencollective.com/preact"
            }
        },
        "node_modules/rollup": {
            "version": "4.28.1",
            "resolved": "https://nexushost.is.adyen.com/repository/npm-internal/rollup/-/rollup-4.28.1.tgz",
            "integrity": "sha512-3voSqheFfaVypx7JGvFiUKvO09bqJ3Uq4X9zY5Nhw9MGzdgqnH4+EONxbTzOBABi5Lq/PoRGZyIZGrYiTgnD0g==",
            "dev": true,
            "license": "MIT",
            "dependencies": {
                "@types/estree": "1.0.6"
            },
            "bin": {
                "rollup": "dist/bin/rollup"
            },
            "engines": {
                "node": ">=18.0.0",
                "npm": ">=8.0.0"
            },
            "optionalDependencies": {
                "@rollup/rollup-android-arm-eabi": "4.28.1",
                "@rollup/rollup-android-arm64": "4.28.1",
                "@rollup/rollup-darwin-arm64": "4.28.1",
                "@rollup/rollup-darwin-x64": "4.28.1",
                "@rollup/rollup-freebsd-arm64": "4.28.1",
                "@rollup/rollup-freebsd-x64": "4.28.1",
                "@rollup/rollup-linux-arm-gnueabihf": "4.28.1",
                "@rollup/rollup-linux-arm-musleabihf": "4.28.1",
                "@rollup/rollup-linux-arm64-gnu": "4.28.1",
                "@rollup/rollup-linux-arm64-musl": "4.28.1",
                "@rollup/rollup-linux-loongarch64-gnu": "4.28.1",
                "@rollup/rollup-linux-powerpc64le-gnu": "4.28.1",
                "@rollup/rollup-linux-riscv64-gnu": "4.28.1",
                "@rollup/rollup-linux-s390x-gnu": "4.28.1",
                "@rollup/rollup-linux-x64-gnu": "4.28.1",
                "@rollup/rollup-linux-x64-musl": "4.28.1",
                "@rollup/rollup-win32-arm64-msvc": "4.28.1",
                "@rollup/rollup-win32-ia32-msvc": "4.28.1",
                "@rollup/rollup-win32-x64-msvc": "4.28.1",
                "fsevents": "~2.3.2"
            }
        },
        "node_modules/source-map-js": {
            "version": "1.2.1",
            "resolved": "https://nexushost.is.adyen.com/repository/npm-internal/source-map-js/-/source-map-js-1.2.1.tgz",
            "integrity": "sha512-6HTR3/3NM4N87BxLOSicEW+wXrjJOTBuf7Rp4LQw1ydQ2P8ETS7u8SDFYuAI/fmkLNQC/uVyTAo1Oq+nZr04Qw==",
            "dev": true,
            "license": "BSD-3-Clause",
            "engines": {
                "node": ">=0.10.0"
            }
        },
        "node_modules/vite": {
            "version": "6.0.3",
            "resolved": "https://nexushost.is.adyen.com/repository/npm-internal/vite/-/vite-6.0.3.tgz",
            "integrity": "sha512-Oehvm9hYD7G5qB+aj0XCsvV9enlHYKiPjQXVy/3Gd5aZucuqfBLg4H9kOo1ijpsyx5jkCCcQtiamV1Ph5cj/pA==",
            "dev": true,
            "license": "MIT",
            "dependencies": {
                "esbuild": "^0.24.0",
                "postcss": "^8.4.49",
                "rollup": "^4.23.0"
            },
            "bin": {
                "vite": "bin/vite.js"
            },
            "engines": {
                "node": "^18.0.0 || ^20.0.0 || >=22.0.0"
            },
            "funding": {
                "url": "https://github.com/vitejs/vite?sponsor=1"
            },
            "optionalDependencies": {
                "fsevents": "~2.3.3"
            },
            "peerDependencies": {
                "@types/node": "^18.0.0 || ^20.0.0 || >=22.0.0",
                "jiti": ">=1.21.0",
                "less": "*",
                "lightningcss": "^1.21.0",
                "sass": "*",
                "sass-embedded": "*",
                "stylus": "*",
                "sugarss": "*",
                "terser": "^5.16.0",
                "tsx": "^4.8.1",
                "yaml": "^2.4.2"
            },
            "peerDependenciesMeta": {
                "@types/node": {
                    "optional": true
                },
                "jiti": {
                    "optional": true
                },
                "less": {
                    "optional": true
                },
                "lightningcss": {
                    "optional": true
                },
                "sass": {
                    "optional": true
                },
                "sass-embedded": {
                    "optional": true
                },
                "stylus": {
                    "optional": true
                },
                "sugarss": {
                    "optional": true
                },
                "terser": {
                    "optional": true
                },
                "tsx": {
                    "optional": true
                },
                "yaml": {
                    "optional": true
                }
            }
        }
    }
}
