lockfileVersion: '9.0'

settings:
  autoInstallPeers: true
  excludeLinksFromLockfile: false

importers:

  .:
    dependencies:
      '@adyen/adyen-platform-experience-web':
        specifier: 1.11.0
        version: 1.11.0(preact@10.29.2)
    devDependencies:
      vite:
        specifier: ^4.3.2
        version: 4.5.14

packages:

  '@adyen/adyen-document-viewer@1.4.4':
    resolution: {integrity: sha512-mKod0pDg/gLXmXnx5W4AKcBBVMZFOFUUS9Sy/O5Hc7gxf+5UR26W4lcCXcYg2BLw4c4jEKcajvKPCMI9SKFbDg==}
    engines: {node: '>=24', pnpm: '>=10.33.0'}

  '@adyen/adyen-platform-experience-web@1.11.0':
    resolution: {integrity: sha512-KoldFuy/aADsqAIN0EIBA8/USfp4h1quzSCr82h983OK/8YiI0plmNfJGs2VrMFgUHhwGf7T9779WWT60cP+aw==}
    peerDependencies:
      preact: ^10.28.2

  '@adyen/kyc-components@4.0.0-compact.9':
    resolution: {integrity: sha512-/5UvKcjaKjrLY9Ol+Mmyt3Bi+WvptQsbODQCRJWF57uCe+euwEQdQud5v+YsE1541k1BZhQFouduEpWF7S8QjQ==}
    engines: {node: '>=20', pnpm: '>=10.16.0'}

  '@adyen/openbankingsdk@0.2.3':
    resolution: {integrity: sha512-UFOlLOoMWjG1WFMWheBJFxJh+oXcSMnLD0WeW1Z5XejQWpFWQsOUTEe5o/OH1+78Ajpxyc64mmO+uC4/qRo+zA==}
    engines: {node: '>=18'}

  '@adyen/ui-assets-icons-16@7.9.4':
    resolution: {integrity: sha512-TBKv4S2dhN1SSkqyao5Ktxrc4Hb+MGMeRtw65WQGiG4FR/612zbpXm+vw2K9VybCAxrjd8a3rIHHvefgY2efsQ==}
    peerDependencies:
      vue: ~2.7 || ~3
    peerDependenciesMeta:
      vue:
        optional: true

  '@babel/runtime@7.29.2':
    resolution: {integrity: sha512-JiDShH45zKHWyGe4ZNVRrCjBz8Nh9TMmZG1kh4QTK8hCBTWBi8Da+i7s1fJw7/lYpM4ccepSNfqzZ/QvABBi5g==}
    engines: {node: '>=6.9.0'}

  '@esbuild/android-arm64@0.18.20':
    resolution: {integrity: sha512-Nz4rJcchGDtENV0eMKUNa6L12zz2zBDXuhj/Vjh18zGqB44Bi7MBMSXjgunJgjRhCmKOjnPuZp4Mb6OKqtMHLQ==}
    engines: {node: '>=12'}
    cpu: [arm64]
    os: [android]

  '@esbuild/android-arm@0.18.20':
    resolution: {integrity: sha512-fyi7TDI/ijKKNZTUJAQqiG5T7YjJXgnzkURqmGj13C6dCqckZBLdl4h7bkhHt/t0WP+zO9/zwroDvANaOqO5Sw==}
    engines: {node: '>=12'}
    cpu: [arm]
    os: [android]

  '@esbuild/android-x64@0.18.20':
    resolution: {integrity: sha512-8GDdlePJA8D6zlZYJV/jnrRAi6rOiNaCC/JclcXpB+KIuvfBN4owLtgzY2bsxnx666XjJx2kDPUmnTtR8qKQUg==}
    engines: {node: '>=12'}
    cpu: [x64]
    os: [android]

  '@esbuild/darwin-arm64@0.18.20':
    resolution: {integrity: sha512-bxRHW5kHU38zS2lPTPOyuyTm+S+eobPUnTNkdJEfAddYgEcll4xkT8DB9d2008DtTbl7uJag2HuE5NZAZgnNEA==}
    engines: {node: '>=12'}
    cpu: [arm64]
    os: [darwin]

  '@esbuild/darwin-x64@0.18.20':
    resolution: {integrity: sha512-pc5gxlMDxzm513qPGbCbDukOdsGtKhfxD1zJKXjCCcU7ju50O7MeAZ8c4krSJcOIJGFR+qx21yMMVYwiQvyTyQ==}
    engines: {node: '>=12'}
    cpu: [x64]
    os: [darwin]

  '@esbuild/freebsd-arm64@0.18.20':
    resolution: {integrity: sha512-yqDQHy4QHevpMAaxhhIwYPMv1NECwOvIpGCZkECn8w2WFHXjEwrBn3CeNIYsibZ/iZEUemj++M26W3cNR5h+Tw==}
    engines: {node: '>=12'}
    cpu: [arm64]
    os: [freebsd]

  '@esbuild/freebsd-x64@0.18.20':
    resolution: {integrity: sha512-tgWRPPuQsd3RmBZwarGVHZQvtzfEBOreNuxEMKFcd5DaDn2PbBxfwLcj4+aenoh7ctXcbXmOQIn8HI6mCSw5MQ==}
    engines: {node: '>=12'}
    cpu: [x64]
    os: [freebsd]

  '@esbuild/linux-arm64@0.18.20':
    resolution: {integrity: sha512-2YbscF+UL7SQAVIpnWvYwM+3LskyDmPhe31pE7/aoTMFKKzIc9lLbyGUpmmb8a8AixOL61sQ/mFh3jEjHYFvdA==}
    engines: {node: '>=12'}
    cpu: [arm64]
    os: [linux]

  '@esbuild/linux-arm@0.18.20':
    resolution: {integrity: sha512-/5bHkMWnq1EgKr1V+Ybz3s1hWXok7mDFUMQ4cG10AfW3wL02PSZi5kFpYKrptDsgb2WAJIvRcDm+qIvXf/apvg==}
    engines: {node: '>=12'}
    cpu: [arm]
    os: [linux]

  '@esbuild/linux-ia32@0.18.20':
    resolution: {integrity: sha512-P4etWwq6IsReT0E1KHU40bOnzMHoH73aXp96Fs8TIT6z9Hu8G6+0SHSw9i2isWrD2nbx2qo5yUqACgdfVGx7TA==}
    engines: {node: '>=12'}
    cpu: [ia32]
    os: [linux]

  '@esbuild/linux-loong64@0.18.20':
    resolution: {integrity: sha512-nXW8nqBTrOpDLPgPY9uV+/1DjxoQ7DoB2N8eocyq8I9XuqJ7BiAMDMf9n1xZM9TgW0J8zrquIb/A7s3BJv7rjg==}
    engines: {node: '>=12'}
    cpu: [loong64]
    os: [linux]

  '@esbuild/linux-mips64el@0.18.20':
    resolution: {integrity: sha512-d5NeaXZcHp8PzYy5VnXV3VSd2D328Zb+9dEq5HE6bw6+N86JVPExrA6O68OPwobntbNJ0pzCpUFZTo3w0GyetQ==}
    engines: {node: '>=12'}
    cpu: [mips64el]
    os: [linux]

  '@esbuild/linux-ppc64@0.18.20':
    resolution: {integrity: sha512-WHPyeScRNcmANnLQkq6AfyXRFr5D6N2sKgkFo2FqguP44Nw2eyDlbTdZwd9GYk98DZG9QItIiTlFLHJHjxP3FA==}
    engines: {node: '>=12'}
    cpu: [ppc64]
    os: [linux]

  '@esbuild/linux-riscv64@0.18.20':
    resolution: {integrity: sha512-WSxo6h5ecI5XH34KC7w5veNnKkju3zBRLEQNY7mv5mtBmrP/MjNBCAlsM2u5hDBlS3NGcTQpoBvRzqBcRtpq1A==}
    engines: {node: '>=12'}
    cpu: [riscv64]
    os: [linux]

  '@esbuild/linux-s390x@0.18.20':
    resolution: {integrity: sha512-+8231GMs3mAEth6Ja1iK0a1sQ3ohfcpzpRLH8uuc5/KVDFneH6jtAJLFGafpzpMRO6DzJ6AvXKze9LfFMrIHVQ==}
    engines: {node: '>=12'}
    cpu: [s390x]
    os: [linux]

  '@esbuild/linux-x64@0.18.20':
    resolution: {integrity: sha512-UYqiqemphJcNsFEskc73jQ7B9jgwjWrSayxawS6UVFZGWrAAtkzjxSqnoclCXxWtfwLdzU+vTpcNYhpn43uP1w==}
    engines: {node: '>=12'}
    cpu: [x64]
    os: [linux]

  '@esbuild/netbsd-x64@0.18.20':
    resolution: {integrity: sha512-iO1c++VP6xUBUmltHZoMtCUdPlnPGdBom6IrO4gyKPFFVBKioIImVooR5I83nTew5UOYrk3gIJhbZh8X44y06A==}
    engines: {node: '>=12'}
    cpu: [x64]
    os: [netbsd]

  '@esbuild/openbsd-x64@0.18.20':
    resolution: {integrity: sha512-e5e4YSsuQfX4cxcygw/UCPIEP6wbIL+se3sxPdCiMbFLBWu0eiZOJ7WoD+ptCLrmjZBK1Wk7I6D/I3NglUGOxg==}
    engines: {node: '>=12'}
    cpu: [x64]
    os: [openbsd]

  '@esbuild/sunos-x64@0.18.20':
    resolution: {integrity: sha512-kDbFRFp0YpTQVVrqUd5FTYmWo45zGaXe0X8E1G/LKFC0v8x0vWrhOWSLITcCn63lmZIxfOMXtCfti/RxN/0wnQ==}
    engines: {node: '>=12'}
    cpu: [x64]
    os: [sunos]

  '@esbuild/win32-arm64@0.18.20':
    resolution: {integrity: sha512-ddYFR6ItYgoaq4v4JmQQaAI5s7npztfV4Ag6NrhiaW0RrnOXqBkgwZLofVTlq1daVTQNhtI5oieTvkRPfZrePg==}
    engines: {node: '>=12'}
    cpu: [arm64]
    os: [win32]

  '@esbuild/win32-ia32@0.18.20':
    resolution: {integrity: sha512-Wv7QBi3ID/rROT08SABTS7eV4hX26sVduqDOTe1MvGMjNd3EjOz4b7zeexIR62GTIEKrfJXKL9LFxTYgkyeu7g==}
    engines: {node: '>=12'}
    cpu: [ia32]
    os: [win32]

  '@esbuild/win32-x64@0.18.20':
    resolution: {integrity: sha512-kTdfRcSiDfQca/y9QIkng02avJ+NCaQvrMejlsB3RRv5sE9rRoeBPISaZpKxHELzRxZyLvNts1P27W3wV+8geQ==}
    engines: {node: '>=12'}
    cpu: [x64]
    os: [win32]

  '@preact/signals-core@1.14.2':
    resolution: {integrity: sha512-RZHdBj9ZF4n40Rp4jS052EHHjBWf96P9oNdXPfhQTovCuWY9iQn3Gq+gOTJSgBO9A/JBuPfMOWsSX/lIU9Pc/A==}

  '@preact/signals@2.9.0':
    resolution: {integrity: sha512-hYrY0KyUqkDgOl1qba/JGn6y81pXnurn21PMaxfcMwdncdZ3M/oVdmpTvEnsGjh48dIwDVc7bjWHqIsngSjYug==}
    peerDependencies:
      preact: '>= 10.25.0 || >=11.0.0-0'

  '@tanstack/preact-query@5.100.11':
    resolution: {integrity: sha512-362IaOfCUTxXLAl1avc3ZjULAfb5t+tX3xgI1jlcTHq+RG+CHCy8+esBVmkZXjE4YEDPoMI4AmYCkRDXbHWjAw==}
    peerDependencies:
      preact: ^10.0.0

  '@tanstack/query-core@5.100.11':
    resolution: {integrity: sha512-lmE0994apShXPj8CUxgx4ch5yUJhE9k/+tVwihBvPOyerACWdBocfFg24t8+0RhtlTd7tEgchDkhlCxNssvDxw==}

  classnames@2.5.1:
    resolution: {integrity: sha512-saHYOzhIQs6wy2sVxTM6bUDsQO4F50V9RQ22qBpEdCW+I+/Wmke2HOl6lS6dTpdxVhb88/I6+Hs+438c3lfUow==}

  container-query-polyfill@1.0.2:
    resolution: {integrity: sha512-YjbsYHidpX0vgHRjTXfWV5Sai4EbocVuXuhL/lcVzRKcwlvVhU92yUqZwO6rRjMQMk08unLLBkQhu60u31LCIQ==}

  core-js@3.49.0:
    resolution: {integrity: sha512-es1U2+YTtzpwkxVLwAFdSpaIMyQaq0PBgm3YD1W3Qpsn1NAmO3KSgZfu+oGSWVu6NvLHoHCV/aYcsE5wiB7ALg==}

  esbuild@0.18.20:
    resolution: {integrity: sha512-ceqxoedUrcayh7Y7ZX6NdbbDzGROiyVBgC4PriJThBKSVPWnnFHZAkfI1lJT8QFkOwH4qOS2SJkS4wvpGl8BpA==}
    engines: {node: '>=12'}
    hasBin: true

  fsevents@2.3.3:
    resolution: {integrity: sha512-5xoDfX+fL7faATnagmWPpbFtwh/R77WmMMqqHGS65C3vvB0YHrgF+B1YmZ3441tMj5n63k0212XNoJwzlhffQw==}
    engines: {node: ^8.16.0 || ^10.6.0 || >=11.0.0}
    os: [darwin]

  i18next@25.10.10:
    resolution: {integrity: sha512-cqUW2Z3EkRx7NqSyywjkgCLK7KLCL6IFVFcONG7nVYIJ3ekZ1/N5jUsihHV6Bq37NfhgtczxJcxduELtjTwkuQ==}
    peerDependencies:
      typescript: ^5 || ^6
    peerDependenciesMeta:
      typescript:
        optional: true

  mitt@3.0.1:
    resolution: {integrity: sha512-vKivATfr97l2/QBCYAkXYDbrIWPM2IIKEl7YPhjCvKlG3kE2gm+uBo6nEXK3M5/Ffh/FLpKExzOQ3JJoJGFKBw==}

  monogon@0.3.4:
    resolution: {integrity: sha512-Cv8YMkXSaJVI22YsPQCl563t+7jaL4gE6p1q37kfVuOHDVXTaEsGYZbHilodLJxpw0duiUShD67x+1eFFdxTvw==}
    peerDependencies:
      preact: ^10.0.0
      react: ^17.0.0 || ^18.0.0 || ^19.0.0
      vue: ^3.0.0 || ^2.0.0
    peerDependenciesMeta:
      preact:
        optional: true
      react:
        optional: true
      vue:
        optional: true

  named-slots@0.4.2:
    resolution: {integrity: sha512-UmSRvdboqQcfpV3zeroS2jSyzhjaiL9E5y1IxKJZgX56ZnL7z40crPQjlRQ2EV5hW4J3f2FgCf+45h83npWBrg==}

  nanoid@3.3.12:
    resolution: {integrity: sha512-ZB9RH/39qpq5Vu6Y+NmUaFhQR6pp+M2Xt76XBnEwDaGcVAqhlvxrl3B2bKS5D3NH3QR76v3aSrKaF/Kiy7lEtQ==}
    engines: {node: ^10 || ^12 || ^13.7 || ^14 || >=15.0.1}
    hasBin: true

  onfido-sdk-ui@14.55.0:
    resolution: {integrity: sha512-Kk+05XD7+OJiQwSI3p5+FuPIEbQdwTScapXmB+nVunHWkJHxa0qAMitgR7cnI4ol1eNHzvA99HyBF5MwwEejfQ==}

  picocolors@1.1.1:
    resolution: {integrity: sha512-xceH2snhtb5M9liqDsmEw56le376mTZkEX/jEb/RxNFyegNul7eNslCXP9FDj/Lcu0X8KEyMceP2ntpaHrDEVA==}

  postcss@8.5.15:
    resolution: {integrity: sha512-FfR8sjd4em2T6fb3I2MwAJU7HWVMr9zba+enmQeeWFfCbm+UOC/0X4DS8XtpUTMwWMGbjKYP7xjfNekzyGmB3A==}
    engines: {node: ^10 || ^12 || >=14}

  preact-custom-element@4.6.0:
    resolution: {integrity: sha512-RhPMuFpEIsbpEwnF+MoRbddzX0y8AdLn1dSpJSbpc6Nx3aSAPXSW9t2xAqQyGfEH1sl/bcsi8Vf0XbvStUy/Ug==}
    peerDependencies:
      preact: '>= 10.25.0 || >=11.0.0-0'

  preact@10.29.2:
    resolution: {integrity: sha512-7tNmwg/7mzzAoB/8kSg6Hl37JraAZw3Z3A0JSY7VXlZwo82Xn0G7wKbNNs2qoF4ZEEsQGTwDAroNdqKs1ofJxQ==}

  regexparam@3.0.0:
    resolution: {integrity: sha512-RSYAtP31mvYLkAHrOlh25pCNQ5hWnT106VukGaaFfuJrZFkGRX5GhUAdPqpSDXxOhA2c4akmRuplv1mRqnBn6Q==}
    engines: {node: '>=8'}

  rollup@3.30.0:
    resolution: {integrity: sha512-kQvGasUgN+AlWGliFn2POSajRQEsULVYFGTvOZmK06d7vCD+YhZztt70kGk3qaeAXeWYL5eO7zx+rAubBc55eA==}
    engines: {node: '>=14.18.0', npm: '>=8.0.0'}
    hasBin: true

  source-map-js@1.2.1:
    resolution: {integrity: sha512-UXWMKhLOwVKb728IUtQPXxfYU+usdybtUrK/8uGE8CQMvrhOpwvzDBwj0QhSL7MQc7vIsISBG8VQ8+IDQxpfQA==}
    engines: {node: '>=0.10.0'}

  vite@4.5.14:
    resolution: {integrity: sha512-+v57oAaoYNnO3hIu5Z/tJRZjq5aHM2zDve9YZ8HngVHbhk66RStobhb1sqPMIPEleV6cNKYK4eGrAbE9Ulbl2g==}
    engines: {node: ^14.18.0 || >=16.0.0}
    hasBin: true
    peerDependencies:
      '@types/node': '>= 14'
      less: '*'
      lightningcss: ^1.21.0
      sass: '*'
      stylus: '*'
      sugarss: '*'
      terser: ^5.4.0
    peerDependenciesMeta:
      '@types/node':
        optional: true
      less:
        optional: true
      lightningcss:
        optional: true
      sass:
        optional: true
      stylus:
        optional: true
      sugarss:
        optional: true
      terser:
        optional: true

  wouter-preact@3.10.0:
    resolution: {integrity: sha512-4a1kd1XX2N1APGOSNXwTNKr0Jgsl1vIdvuyZ+MGlPfZs3uXmDSz70kUfDa8+2O3MXhZNaEa1c6mHzSihdtdpiw==}
    peerDependencies:
      preact: ^10.0.0

snapshots:

  '@adyen/adyen-document-viewer@1.4.4':
    dependencies:
      classnames: 2.5.1
      preact: 10.29.2

  '@adyen/adyen-platform-experience-web@1.11.0(preact@10.29.2)':
    dependencies:
      '@adyen/kyc-components': 4.0.0-compact.9
      classnames: 2.5.1
      core-js: 3.49.0
      preact: 10.29.2
    transitivePeerDependencies:
      - react
      - typescript
      - vue

  '@adyen/kyc-components@4.0.0-compact.9':
    dependencies:
      '@adyen/adyen-document-viewer': 1.4.4
      '@adyen/openbankingsdk': 0.2.3
      '@adyen/ui-assets-icons-16': 7.9.4
      '@preact/signals': 2.9.0(preact@10.29.2)
      '@tanstack/preact-query': 5.100.11(preact@10.29.2)
      classnames: 2.5.1
      container-query-polyfill: 1.0.2
      i18next: 25.10.10
      monogon: 0.3.4(preact@10.29.2)
      named-slots: 0.4.2
      onfido-sdk-ui: 14.55.0
      preact: 10.29.2
      preact-custom-element: 4.6.0(preact@10.29.2)
      wouter-preact: 3.10.0(preact@10.29.2)
    transitivePeerDependencies:
      - react
      - typescript
      - vue

  '@adyen/openbankingsdk@0.2.3': {}

  '@adyen/ui-assets-icons-16@7.9.4': {}

  '@babel/runtime@7.29.2': {}

  '@esbuild/android-arm64@0.18.20':
    optional: true

  '@esbuild/android-arm@0.18.20':
    optional: true

  '@esbuild/android-x64@0.18.20':
    optional: true

  '@esbuild/darwin-arm64@0.18.20':
    optional: true

  '@esbuild/darwin-x64@0.18.20':
    optional: true

  '@esbuild/freebsd-arm64@0.18.20':
    optional: true

  '@esbuild/freebsd-x64@0.18.20':
    optional: true

  '@esbuild/linux-arm64@0.18.20':
    optional: true

  '@esbuild/linux-arm@0.18.20':
    optional: true

  '@esbuild/linux-ia32@0.18.20':
    optional: true

  '@esbuild/linux-loong64@0.18.20':
    optional: true

  '@esbuild/linux-mips64el@0.18.20':
    optional: true

  '@esbuild/linux-ppc64@0.18.20':
    optional: true

  '@esbuild/linux-riscv64@0.18.20':
    optional: true

  '@esbuild/linux-s390x@0.18.20':
    optional: true

  '@esbuild/linux-x64@0.18.20':
    optional: true

  '@esbuild/netbsd-x64@0.18.20':
    optional: true

  '@esbuild/openbsd-x64@0.18.20':
    optional: true

  '@esbuild/sunos-x64@0.18.20':
    optional: true

  '@esbuild/win32-arm64@0.18.20':
    optional: true

  '@esbuild/win32-ia32@0.18.20':
    optional: true

  '@esbuild/win32-x64@0.18.20':
    optional: true

  '@preact/signals-core@1.14.2': {}

  '@preact/signals@2.9.0(preact@10.29.2)':
    dependencies:
      '@preact/signals-core': 1.14.2
      preact: 10.29.2

  '@tanstack/preact-query@5.100.11(preact@10.29.2)':
    dependencies:
      '@tanstack/query-core': 5.100.11
      preact: 10.29.2

  '@tanstack/query-core@5.100.11': {}

  classnames@2.5.1: {}

  container-query-polyfill@1.0.2: {}

  core-js@3.49.0: {}

  esbuild@0.18.20:
    optionalDependencies:
      '@esbuild/android-arm': 0.18.20
      '@esbuild/android-arm64': 0.18.20
      '@esbuild/android-x64': 0.18.20
      '@esbuild/darwin-arm64': 0.18.20
      '@esbuild/darwin-x64': 0.18.20
      '@esbuild/freebsd-arm64': 0.18.20
      '@esbuild/freebsd-x64': 0.18.20
      '@esbuild/linux-arm': 0.18.20
      '@esbuild/linux-arm64': 0.18.20
      '@esbuild/linux-ia32': 0.18.20
      '@esbuild/linux-loong64': 0.18.20
      '@esbuild/linux-mips64el': 0.18.20
      '@esbuild/linux-ppc64': 0.18.20
      '@esbuild/linux-riscv64': 0.18.20
      '@esbuild/linux-s390x': 0.18.20
      '@esbuild/linux-x64': 0.18.20
      '@esbuild/netbsd-x64': 0.18.20
      '@esbuild/openbsd-x64': 0.18.20
      '@esbuild/sunos-x64': 0.18.20
      '@esbuild/win32-arm64': 0.18.20
      '@esbuild/win32-ia32': 0.18.20
      '@esbuild/win32-x64': 0.18.20

  fsevents@2.3.3:
    optional: true

  i18next@25.10.10:
    dependencies:
      '@babel/runtime': 7.29.2

  mitt@3.0.1: {}

  monogon@0.3.4(preact@10.29.2):
    optionalDependencies:
      preact: 10.29.2

  named-slots@0.4.2: {}

  nanoid@3.3.12: {}

  onfido-sdk-ui@14.55.0: {}

  picocolors@1.1.1: {}

  postcss@8.5.15:
    dependencies:
      nanoid: 3.3.12
      picocolors: 1.1.1
      source-map-js: 1.2.1

  preact-custom-element@4.6.0(preact@10.29.2):
    dependencies:
      preact: 10.29.2

  preact@10.29.2: {}

  regexparam@3.0.0: {}

  rollup@3.30.0:
    optionalDependencies:
      fsevents: 2.3.3

  source-map-js@1.2.1: {}

  vite@4.5.14:
    dependencies:
      esbuild: 0.18.20
      postcss: 8.5.15
      rollup: 3.30.0
    optionalDependencies:
      fsevents: 2.3.3

  wouter-preact@3.10.0(preact@10.29.2):
    dependencies:
      mitt: 3.0.1
      preact: 10.29.2
      regexparam: 3.0.0
